
Microsoft Visual Studio Solution File, Format Version 12.00
# Visual Studio Version 17
VisualStudioVersion = 17.11.35327.3
MinimumVisualStudioVersion = 10.0.40219.1
Project("{9A19103F-16F7-4668-BE54-9A1E7A4F7556}") = "EventManagerJH", "EventManagerJH.csproj", "{F4C3F5A6-00FC-4309-9A8C-396917EDAE1D}"
EndProject
Project("{2150E333-8FDC-42A3-9474-1A3956D46DE8}") = "Solution Items", "Solution Items", "{4815EFED-AA6F-4740-ACF0-8DE36602D943}"
	ProjectSection(SolutionItems) = preProject
		appsettings.json.txt = appsettings.json.txt
	EndProjectSection
EndProject
Global
	GlobalSection(SolutionConfigurationPlatforms) = preSolution
		Debug|Any CPU = Debug|Any CPU
		Release|Any CPU = Release|Any CPU
	EndGlobalSection
	GlobalSection(ProjectConfigurationPlatforms) = postSolution
		{F4C3F5A6-00FC-4309-9A8C-396917EDAE1D}.Debug|Any CPU.ActiveCfg = Debug|Any CPU
		{F4C3F5A6-00FC-4309-9A8C-396917EDAE1D}.Debug|Any CPU.Build.0 = Debug|Any CPU
		{F4C3F5A6-00FC-4309-9A8C-396917EDAE1D}.Release|Any CPU.ActiveCfg = Release|Any CPU
		{F4C3F5A6-00FC-4309-9A8C-396917EDAE1D}.Release|Any CPU.Build.0 = Release|Any CPU
	EndGlobalSection
	GlobalSection(SolutionProperties) = preSolution
		HideSolutionNode = FALSE
	EndGlobalSection
	GlobalSection(ExtensibilityGlobals) = postSolution
		SolutionGuid = {1CDCB519-C80C-4F57-A40B-D7C2D49839F6}
	EndGlobalSection
EndGlobal
